
Microsoft Visual Studio Solution File, Format Version 12.00
# Visual Studio 15
VisualStudioVersion = 15.0.27130.2010
MinimumVisualStudioVersion = 10.0.40219.1
Project("{FAE04EC0-301F-11D3-BF4B-00C04F79EFBC}") = "NetStandardApp.UWP", "NetStandardApp\NetStandardApp.UWP\NetStandardApp.UWP.csproj", "{F223D34F-A960-48C9-8D29-C7F541176AF0}"
EndProject
Project("{9A19103F-16F7-4668-BE54-9A1E7A4F7556}") = "NetStandardApp", "NetStandardApp\NetStandardApp\NetStandardApp.csproj", "{D3B90779-0591-4510-BB9E-419F52CC9DE6}"
EndProject
Project("{2150E333-8FDC-42A3-9474-1A3956D46DE8}") = "SupportLib", "SupportLib", "{BED24061-4B7E-489D-B116-1C26805A8794}"
EndProject
Project("{2150E333-8FDC-42A3-9474-1A3956D46DE8}") = "App", "App", "{CDF93920-6604-4328-85F2-EF9F0AB6DEB2}"
EndProject
Project("{9A19103F-16F7-4668-BE54-9A1E7A4F7556}") = "SupportLibrary.NetStandard", "NetStandardSupportLib\SupportLibrary.NetStandard\SupportLibrary.NetStandard.csproj", "{0FAB9926-E1C3-4193-8174-8A834C4F639D}"
EndProject
Project("{FAE04EC0-301F-11D3-BF4B-00C04F79EFBC}") = "SupportLibrary.UWP", "NetStandardSupportLib\SupportLibrary.UWP\SupportLibrary.UWP.csproj", "{48B2C1D8-90CE-4C93-A6DF-10FABF28BEF2}"
EndProject
Project("{2150E333-8FDC-42A3-9474-1A3956D46DE8}") = "NetStandard", "NetStandard", "{065F657A-A746-4A3A-ABA1-0547673B62ED}"
EndProject
Project("{2150E333-8FDC-42A3-9474-1A3956D46DE8}") = "PCL", "PCL", "{1F77DA26-8E50-41FB-A84A-86963660D18B}"
EndProject
Project("{2150E333-8FDC-42A3-9474-1A3956D46DE8}") = "App", "App", "{B95F70AC-A145-4DC5-A460-390402FB0B1A}"
EndProject
Project("{2150E333-8FDC-42A3-9474-1A3956D46DE8}") = "SupportLib", "SupportLib", "{9D4E62B2-164B-46ED-B140-DC83E02CF9E8}"
EndProject
Project("{FAE04EC0-301F-11D3-BF4B-00C04F79EFBC}") = "PclApp", "PclApp\PclAppDataSource\PclApp.csproj", "{02A45CCE-7B21-4936-A842-DC61C0259967}"
EndProject
Global
	GlobalSection(SolutionConfigurationPlatforms) = preSolution
		Debug|Any CPU = Debug|Any CPU
		Debug|ARM = Debug|ARM
		Debug|x64 = Debug|x64
		Debug|x86 = Debug|x86
		Release|Any CPU = Release|Any CPU
		Release|ARM = Release|ARM
		Release|x64 = Release|x64
		Release|x86 = Release|x86
	EndGlobalSection
	GlobalSection(ProjectConfigurationPlatforms) = postSolution
		{F223D34F-A960-48C9-8D29-C7F541176AF0}.Debug|Any CPU.ActiveCfg = Debug|x86
		{F223D34F-A960-48C9-8D29-C7F541176AF0}.Debug|ARM.ActiveCfg = Debug|ARM
		{F223D34F-A960-48C9-8D29-C7F541176AF0}.Debug|ARM.Build.0 = Debug|ARM
		{F223D34F-A960-48C9-8D29-C7F541176AF0}.Debug|ARM.Deploy.0 = Debug|ARM
		{F223D34F-A960-48C9-8D29-C7F541176AF0}.Debug|x64.ActiveCfg = Debug|x64
		{F223D34F-A960-48C9-8D29-C7F541176AF0}.Debug|x64.Build.0 = Debug|x64
		{F223D34F-A960-48C9-8D29-C7F541176AF0}.Debug|x64.Deploy.0 = Debug|x64
		{F223D34F-A960-48C9-8D29-C7F541176AF0}.Debug|x86.ActiveCfg = Debug|x86
		{F223D34F-A960-48C9-8D29-C7F541176AF0}.Debug|x86.Build.0 = Debug|x86
		{F223D34F-A960-48C9-8D29-C7F541176AF0}.Debug|x86.Deploy.0 = Debug|x86
		{F223D34F-A960-48C9-8D29-C7F541176AF0}.Release|Any CPU.ActiveCfg = Release|x86
		{F223D34F-A960-48C9-8D29-C7F541176AF0}.Release|ARM.ActiveCfg = Release|ARM
		{F223D34F-A960-48C9-8D29-C7F541176AF0}.Release|ARM.Build.0 = Release|ARM
		{F223D34F-A960-48C9-8D29-C7F541176AF0}.Release|ARM.Deploy.0 = Release|ARM
		{F223D34F-A960-48C9-8D29-C7F541176AF0}.Release|x64.ActiveCfg = Release|x64
		{F223D34F-A960-48C9-8D29-C7F541176AF0}.Release|x64.Build.0 = Release|x64
		{F223D34F-A960-48C9-8D29-C7F541176AF0}.Release|x64.Deploy.0 = Release|x64
		{F223D34F-A960-48C9-8D29-C7F541176AF0}.Release|x86.ActiveCfg = Release|x86
		{F223D34F-A960-48C9-8D29-C7F541176AF0}.Release|x86.Build.0 = Release|x86
		{F223D34F-A960-48C9-8D29-C7F541176AF0}.Release|x86.Deploy.0 = Release|x86
		{D3B90779-0591-4510-BB9E-419F52CC9DE6}.Debug|Any CPU.ActiveCfg = Debug|Any CPU
		{D3B90779-0591-4510-BB9E-419F52CC9DE6}.Debug|Any CPU.Build.0 = Debug|Any CPU
		{D3B90779-0591-4510-BB9E-419F52CC9DE6}.Debug|ARM.ActiveCfg = Debug|Any CPU
		{D3B90779-0591-4510-BB9E-419F52CC9DE6}.Debug|ARM.Build.0 = Debug|Any CPU
		{D3B90779-0591-4510-BB9E-419F52CC9DE6}.Debug|x64.ActiveCfg = Debug|Any CPU
		{D3B90779-0591-4510-BB9E-419F52CC9DE6}.Debug|x64.Build.0 = Debug|Any CPU
		{D3B90779-0591-4510-BB9E-419F52CC9DE6}.Debug|x86.ActiveCfg = Debug|Any CPU
		{D3B90779-0591-4510-BB9E-419F52CC9DE6}.Debug|x86.Build.0 = Debug|Any CPU
		{D3B90779-0591-4510-BB9E-419F52CC9DE6}.Release|Any CPU.ActiveCfg = Release|Any CPU
		{D3B90779-0591-4510-BB9E-419F52CC9DE6}.Release|Any CPU.Build.0 = Release|Any CPU
		{D3B90779-0591-4510-BB9E-419F52CC9DE6}.Release|ARM.ActiveCfg = Release|Any CPU
		{D3B90779-0591-4510-BB9E-419F52CC9DE6}.Release|ARM.Build.0 = Release|Any CPU
		{D3B90779-0591-4510-BB9E-419F52CC9DE6}.Release|x64.ActiveCfg = Release|Any CPU
		{D3B90779-0591-4510-BB9E-419F52CC9DE6}.Release|x64.Build.0 = Release|Any CPU
		{D3B90779-0591-4510-BB9E-419F52CC9DE6}.Release|x86.ActiveCfg = Release|Any CPU
		{D3B90779-0591-4510-BB9E-419F52CC9DE6}.Release|x86.Build.0 = Release|Any CPU
		{0FAB9926-E1C3-4193-8174-8A834C4F639D}.Debug|Any CPU.ActiveCfg = Debug|Any CPU
		{0FAB9926-E1C3-4193-8174-8A834C4F639D}.Debug|Any CPU.Build.0 = Debug|Any CPU
		{0FAB9926-E1C3-4193-8174-8A834C4F639D}.Debug|ARM.ActiveCfg = Debug|Any CPU
		{0FAB9926-E1C3-4193-8174-8A834C4F639D}.Debug|ARM.Build.0 = Debug|Any CPU
		{0FAB9926-E1C3-4193-8174-8A834C4F639D}.Debug|x64.ActiveCfg = Debug|Any CPU
		{0FAB9926-E1C3-4193-8174-8A834C4F639D}.Debug|x64.Build.0 = Debug|Any CPU
		{0FAB9926-E1C3-4193-8174-8A834C4F639D}.Debug|x86.ActiveCfg = Debug|Any CPU
		{0FAB9926-E1C3-4193-8174-8A834C4F639D}.Debug|x86.Build.0 = Debug|Any CPU
		{0FAB9926-E1C3-4193-8174-8A834C4F639D}.Release|Any CPU.ActiveCfg = Release|Any CPU
		{0FAB9926-E1C3-4193-8174-8A834C4F639D}.Release|Any CPU.Build.0 = Release|Any CPU
		{0FAB9926-E1C3-4193-8174-8A834C4F639D}.Release|ARM.ActiveCfg = Release|Any CPU
		{0FAB9926-E1C3-4193-8174-8A834C4F639D}.Release|ARM.Build.0 = Release|Any CPU
		{0FAB9926-E1C3-4193-8174-8A834C4F639D}.Release|x64.ActiveCfg = Release|Any CPU
		{0FAB9926-E1C3-4193-8174-8A834C4F639D}.Release|x64.Build.0 = Release|Any CPU
		{0FAB9926-E1C3-4193-8174-8A834C4F639D}.Release|x86.ActiveCfg = Release|Any CPU
		{0FAB9926-E1C3-4193-8174-8A834C4F639D}.Release|x86.Build.0 = Release|Any CPU
		{48B2C1D8-90CE-4C93-A6DF-10FABF28BEF2}.Debug|Any CPU.ActiveCfg = Debug|Any CPU
		{48B2C1D8-90CE-4C93-A6DF-10FABF28BEF2}.Debug|Any CPU.Build.0 = Debug|Any CPU
		{48B2C1D8-90CE-4C93-A6DF-10FABF28BEF2}.Debug|ARM.ActiveCfg = Debug|ARM
		{48B2C1D8-90CE-4C93-A6DF-10FABF28BEF2}.Debug|ARM.Build.0 = Debug|ARM
		{48B2C1D8-90CE-4C93-A6DF-10FABF28BEF2}.Debug|x64.ActiveCfg = Debug|x64
		{48B2C1D8-90CE-4C93-A6DF-10FABF28BEF2}.Debug|x64.Build.0 = Debug|x64
		{48B2C1D8-90CE-4C93-A6DF-10FABF28BEF2}.Debug|x86.ActiveCfg = Debug|x86
		{48B2C1D8-90CE-4C93-A6DF-10FABF28BEF2}.Debug|x86.Build.0 = Debug|x86
		{48B2C1D8-90CE-4C93-A6DF-10FABF28BEF2}.Release|Any CPU.ActiveCfg = Release|Any CPU
		{48B2C1D8-90CE-4C93-A6DF-10FABF28BEF2}.Release|Any CPU.Build.0 = Release|Any CPU
		{48B2C1D8-90CE-4C93-A6DF-10FABF28BEF2}.Release|ARM.ActiveCfg = Release|ARM
		{48B2C1D8-90CE-4C93-A6DF-10FABF28BEF2}.Release|ARM.Build.0 = Release|ARM
		{48B2C1D8-90CE-4C93-A6DF-10FABF28BEF2}.Release|x64.ActiveCfg = Release|x64
		{48B2C1D8-90CE-4C93-A6DF-10FABF28BEF2}.Release|x64.Build.0 = Release|x64
		{48B2C1D8-90CE-4C93-A6DF-10FABF28BEF2}.Release|x86.ActiveCfg = Release|x86
		{48B2C1D8-90CE-4C93-A6DF-10FABF28BEF2}.Release|x86.Build.0 = Release|x86
		{02A45CCE-7B21-4936-A842-DC61C0259967}.Debug|Any CPU.ActiveCfg = Debug|Any CPU
		{02A45CCE-7B21-4936-A842-DC61C0259967}.Debug|Any CPU.Build.0 = Debug|Any CPU
		{02A45CCE-7B21-4936-A842-DC61C0259967}.Debug|ARM.ActiveCfg = Debug|Any CPU
		{02A45CCE-7B21-4936-A842-DC61C0259967}.Debug|ARM.Build.0 = Debug|Any CPU
		{02A45CCE-7B21-4936-A842-DC61C0259967}.Debug|x64.ActiveCfg = Debug|Any CPU
		{02A45CCE-7B21-4936-A842-DC61C0259967}.Debug|x64.Build.0 = Debug|Any CPU
		{02A45CCE-7B21-4936-A842-DC61C0259967}.Debug|x86.ActiveCfg = Debug|Any CPU
		{02A45CCE-7B21-4936-A842-DC61C0259967}.Debug|x86.Build.0 = Debug|Any CPU
		{02A45CCE-7B21-4936-A842-DC61C0259967}.Release|Any CPU.ActiveCfg = Release|Any CPU
		{02A45CCE-7B21-4936-A842-DC61C0259967}.Release|Any CPU.Build.0 = Release|Any CPU
		{02A45CCE-7B21-4936-A842-DC61C0259967}.Release|ARM.ActiveCfg = Release|Any CPU
		{02A45CCE-7B21-4936-A842-DC61C0259967}.Release|ARM.Build.0 = Release|Any CPU
		{02A45CCE-7B21-4936-A842-DC61C0259967}.Release|x64.ActiveCfg = Release|Any CPU
		{02A45CCE-7B21-4936-A842-DC61C0259967}.Release|x64.Build.0 = Release|Any CPU
		{02A45CCE-7B21-4936-A842-DC61C0259967}.Release|x86.ActiveCfg = Release|Any CPU
		{02A45CCE-7B21-4936-A842-DC61C0259967}.Release|x86.Build.0 = Release|Any CPU
	EndGlobalSection
	GlobalSection(SolutionProperties) = preSolution
		HideSolutionNode = FALSE
	EndGlobalSection
	GlobalSection(NestedProjects) = preSolution
		{F223D34F-A960-48C9-8D29-C7F541176AF0} = {CDF93920-6604-4328-85F2-EF9F0AB6DEB2}
		{D3B90779-0591-4510-BB9E-419F52CC9DE6} = {CDF93920-6604-4328-85F2-EF9F0AB6DEB2}
		{BED24061-4B7E-489D-B116-1C26805A8794} = {065F657A-A746-4A3A-ABA1-0547673B62ED}
		{CDF93920-6604-4328-85F2-EF9F0AB6DEB2} = {065F657A-A746-4A3A-ABA1-0547673B62ED}
		{0FAB9926-E1C3-4193-8174-8A834C4F639D} = {BED24061-4B7E-489D-B116-1C26805A8794}
		{48B2C1D8-90CE-4C93-A6DF-10FABF28BEF2} = {BED24061-4B7E-489D-B116-1C26805A8794}
		{B95F70AC-A145-4DC5-A460-390402FB0B1A} = {1F77DA26-8E50-41FB-A84A-86963660D18B}
		{9D4E62B2-164B-46ED-B140-DC83E02CF9E8} = {1F77DA26-8E50-41FB-A84A-86963660D18B}
		{02A45CCE-7B21-4936-A842-DC61C0259967} = {B95F70AC-A145-4DC5-A460-390402FB0B1A}
	EndGlobalSection
	GlobalSection(ExtensibilityGlobals) = postSolution
		SolutionGuid = {2D7D74B4-C6AC-4EBF-975B-A53F92F6BFFA}
	EndGlobalSection
EndGlobal
